
Microsoft Visual Studio Solution File, Format Version 12.00
# Visual Studio Version 17
VisualStudioVersion = 17.7.34202.233
MinimumVisualStudioVersion = 10.0.40219.1
Project("{9A19103F-16F7-4668-BE54-9A1E7A4F7556}") = "MyExpenses", "MyExpenses.csproj", "{95E9696C-A989-4933-AD93-1B65393856A6}"
EndProject
Project("{FAE04EC0-301F-11D3-BF4B-00C04F79EFBC}") = "Expenses.DataAccess", "..\Expenses.DataAccess\Expenses.DataAccess.csproj", "{86D2DFF4-D0B9-49E1-891B-308FC0633A1C}"
EndProject
Project("{FAE04EC0-301F-11D3-BF4B-00C04F79EFBC}") = "Expenses.Models", "..\Expenses.Models\Expenses.Models.csproj", "{423C12D9-64C6-4C9F-A4D7-8E1A9D2E3E45}"
EndProject
Project("{FAE04EC0-301F-11D3-BF4B-00C04F79EFBC}") = "Expenses.Utility", "..\Expenses.Utility\Expenses.Utility.csproj", "{F75B6AA2-AE91-4D6B-8041-9E923901C6FA}"
EndProject
Global
	GlobalSection(SolutionConfigurationPlatforms) = preSolution
		Debug|Any CPU = Debug|Any CPU
		Release|Any CPU = Release|Any CPU
	EndGlobalSection
	GlobalSection(ProjectConfigurationPlatforms) = postSolution
		{95E9696C-A989-4933-AD93-1B65393856A6}.Debug|Any CPU.ActiveCfg = Debug|Any CPU
		{95E9696C-A989-4933-AD93-1B65393856A6}.Debug|Any CPU.Build.0 = Debug|Any CPU
		{95E9696C-A989-4933-AD93-1B65393856A6}.Release|Any CPU.ActiveCfg = Release|Any CPU
		{95E9696C-A989-4933-AD93-1B65393856A6}.Release|Any CPU.Build.0 = Release|Any CPU
		{86D2DFF4-D0B9-49E1-891B-308FC0633A1C}.Debug|Any CPU.ActiveCfg = Debug|Any CPU
		{86D2DFF4-D0B9-49E1-891B-308FC0633A1C}.Debug|Any CPU.Build.0 = Debug|Any CPU
		{86D2DFF4-D0B9-49E1-891B-308FC0633A1C}.Release|Any CPU.ActiveCfg = Release|Any CPU
		{86D2DFF4-D0B9-49E1-891B-308FC0633A1C}.Release|Any CPU.Build.0 = Release|Any CPU
		{423C12D9-64C6-4C9F-A4D7-8E1A9D2E3E45}.Debug|Any CPU.ActiveCfg = Debug|Any CPU
		{423C12D9-64C6-4C9F-A4D7-8E1A9D2E3E45}.Debug|Any CPU.Build.0 = Debug|Any CPU
		{423C12D9-64C6-4C9F-A4D7-8E1A9D2E3E45}.Release|Any CPU.ActiveCfg = Release|Any CPU
		{423C12D9-64C6-4C9F-A4D7-8E1A9D2E3E45}.Release|Any CPU.Build.0 = Release|Any CPU
		{F75B6AA2-AE91-4D6B-8041-9E923901C6FA}.Debug|Any CPU.ActiveCfg = Debug|Any CPU
		{F75B6AA2-AE91-4D6B-8041-9E923901C6FA}.Debug|Any CPU.Build.0 = Debug|Any CPU
		{F75B6AA2-AE91-4D6B-8041-9E923901C6FA}.Release|Any CPU.ActiveCfg = Release|Any CPU
		{F75B6AA2-AE91-4D6B-8041-9E923901C6FA}.Release|Any CPU.Build.0 = Release|Any CPU
	EndGlobalSection
	GlobalSection(SolutionProperties) = preSolution
		HideSolutionNode = FALSE
	EndGlobalSection
	GlobalSection(ExtensibilityGlobals) = postSolution
		SolutionGuid = {20385745-A623-4E7E-AA3A-E0D3A952692F}
	EndGlobalSection
EndGlobal
